
Microsoft Visual Studio Solution File, Format Version 12.00
Project("{2150E333-8FDC-42A3-9474-1A3956D46DE8}") = "PL", "PL", "{923D8FC6-20E8-4BDB-8D25-3072D1884223}"
EndProject
Project("{2150E333-8FDC-42A3-9474-1A3956D46DE8}") = "BLL", "BLL", "{D04E232B-BFB1-4CE1-B9B5-4EA7D9A78FD4}"
EndProject
Project("{2150E333-8FDC-42A3-9474-1A3956D46DE8}") = "DAL", "DAL", "{CBE69882-B3B0-408C-B52B-E61EDA5777D8}"
EndProject
Project("{FAE04EC0-301F-11D3-BF4B-00C04F79EFBC}") = "AcademyWith3thdLayer", "AcademyWith3thdLayer\AcademyWith3thdLayer.csproj", "{7E5C8484-8D46-40C3-AD6B-D13645AB5D9C}"
EndProject
Project("{FAE04EC0-301F-11D3-BF4B-00C04F79EFBC}") = "ConsoleApp7.BLL.Logic", "ConsoleApp7.BLL.Logic\ConsoleApp7.BLL.Logic.csproj", "{82004578-C04C-41BE-8C69-81A29FE09D9D}"
EndProject
Project("{FAE04EC0-301F-11D3-BF4B-00C04F79EFBC}") = "ConsoleApp7.BLL.Logic.Contracts", "ConsoleApp7.BLL.Logic.Contracts\ConsoleApp7.BLL.Logic.Contracts.csproj", "{93BC7D6B-CBC9-42E0-B5B7-5281B0C4CA38}"
EndProject
Project("{FAE04EC0-301F-11D3-BF4B-00C04F79EFBC}") = "ConsoleApp7.DAL.Repository", "ConsoleApp7.DAL.Repository\ConsoleApp7.DAL.Repository.csproj", "{7F83A9DA-7373-47AD-8AEA-0CC413AFBD0E}"
EndProject
Project("{FAE04EC0-301F-11D3-BF4B-00C04F79EFBC}") = "ConsoleApp7.DAL.Repository.Contracts", "ConsoleApp7.DAL.Repository.Contracts\ConsoleApp7.DAL.Repository.Contracts.csproj", "{D29C56AB-722D-4837-9569-D6C06B320236}"
EndProject
Global
	GlobalSection(SolutionConfigurationPlatforms) = preSolution
		Debug|Any CPU = Debug|Any CPU
		Release|Any CPU = Release|Any CPU
	EndGlobalSection
	GlobalSection(ProjectConfigurationPlatforms) = postSolution
		{7E5C8484-8D46-40C3-AD6B-D13645AB5D9C}.Debug|Any CPU.ActiveCfg = Debug|Any CPU
		{7E5C8484-8D46-40C3-AD6B-D13645AB5D9C}.Debug|Any CPU.Build.0 = Debug|Any CPU
		{7E5C8484-8D46-40C3-AD6B-D13645AB5D9C}.Release|Any CPU.ActiveCfg = Release|Any CPU
		{7E5C8484-8D46-40C3-AD6B-D13645AB5D9C}.Release|Any CPU.Build.0 = Release|Any CPU
		{82004578-C04C-41BE-8C69-81A29FE09D9D}.Debug|Any CPU.ActiveCfg = Debug|Any CPU
		{82004578-C04C-41BE-8C69-81A29FE09D9D}.Debug|Any CPU.Build.0 = Debug|Any CPU
		{82004578-C04C-41BE-8C69-81A29FE09D9D}.Release|Any CPU.ActiveCfg = Release|Any CPU
		{82004578-C04C-41BE-8C69-81A29FE09D9D}.Release|Any CPU.Build.0 = Release|Any CPU
		{93BC7D6B-CBC9-42E0-B5B7-5281B0C4CA38}.Debug|Any CPU.ActiveCfg = Debug|Any CPU
		{93BC7D6B-CBC9-42E0-B5B7-5281B0C4CA38}.Debug|Any CPU.Build.0 = Debug|Any CPU
		{93BC7D6B-CBC9-42E0-B5B7-5281B0C4CA38}.Release|Any CPU.ActiveCfg = Release|Any CPU
		{93BC7D6B-CBC9-42E0-B5B7-5281B0C4CA38}.Release|Any CPU.Build.0 = Release|Any CPU
		{7F83A9DA-7373-47AD-8AEA-0CC413AFBD0E}.Debug|Any CPU.ActiveCfg = Debug|Any CPU
		{7F83A9DA-7373-47AD-8AEA-0CC413AFBD0E}.Debug|Any CPU.Build.0 = Debug|Any CPU
		{7F83A9DA-7373-47AD-8AEA-0CC413AFBD0E}.Release|Any CPU.ActiveCfg = Release|Any CPU
		{7F83A9DA-7373-47AD-8AEA-0CC413AFBD0E}.Release|Any CPU.Build.0 = Release|Any CPU
		{D29C56AB-722D-4837-9569-D6C06B320236}.Debug|Any CPU.ActiveCfg = Debug|Any CPU
		{D29C56AB-722D-4837-9569-D6C06B320236}.Debug|Any CPU.Build.0 = Debug|Any CPU
		{D29C56AB-722D-4837-9569-D6C06B320236}.Release|Any CPU.ActiveCfg = Release|Any CPU
		{D29C56AB-722D-4837-9569-D6C06B320236}.Release|Any CPU.Build.0 = Release|Any CPU
	EndGlobalSection
	GlobalSection(NestedProjects) = preSolution
		{7E5C8484-8D46-40C3-AD6B-D13645AB5D9C} = {923D8FC6-20E8-4BDB-8D25-3072D1884223}
		{82004578-C04C-41BE-8C69-81A29FE09D9D} = {D04E232B-BFB1-4CE1-B9B5-4EA7D9A78FD4}
		{93BC7D6B-CBC9-42E0-B5B7-5281B0C4CA38} = {D04E232B-BFB1-4CE1-B9B5-4EA7D9A78FD4}
		{7F83A9DA-7373-47AD-8AEA-0CC413AFBD0E} = {CBE69882-B3B0-408C-B52B-E61EDA5777D8}
		{D29C56AB-722D-4837-9569-D6C06B320236} = {CBE69882-B3B0-408C-B52B-E61EDA5777D8}
	EndGlobalSection
EndGlobal
